
Microsoft Visual Studio Solution File, Format Version 12.00
# Visual Studio 15
VisualStudioVersion = 15.0.28306.52
MinimumVisualStudioVersion = 10.0.40219.1
Project("{FAE04EC0-301F-11D3-BF4B-00C04F79EFBC}") = "WindowsFormsApp17", "WindowsFormsApp17\WindowsFormsApp17.csproj", "{6DA23617-0575-44BD-92C9-2F9DB433E061}"
EndProject
Global
	GlobalSection(SolutionConfigurationPlatforms) = preSolution
		Debug|Any CPU = Debug|Any CPU
		Release|Any CPU = Release|Any CPU
	EndGlobalSection
	GlobalSection(ProjectConfigurationPlatforms) = postSolution
		{6DA23617-0575-44BD-92C9-2F9DB433E061}.Debug|Any CPU.ActiveCfg = Debug|Any CPU
		{6DA23617-0575-44BD-92C9-2F9DB433E061}.Debug|Any CPU.Build.0 = Debug|Any CPU
		{6DA23617-0575-44BD-92C9-2F9DB433E061}.Release|Any CPU.ActiveCfg = Release|Any CPU
		{6DA23617-0575-44BD-92C9-2F9DB433E061}.Release|Any CPU.Build.0 = Release|Any CPU
	EndGlobalSection
	GlobalSection(SolutionProperties) = preSolution
		HideSolutionNode = FALSE
	EndGlobalSection
	GlobalSection(ExtensibilityGlobals) = postSolution
		SolutionGuid = {4620052D-CC54-4582-9977-245583E719CF}
	EndGlobalSection
EndGlobal
